// !$*UTF8*$!
{
	archiveVersion = 1;
	classes = {
	};
	objectVersion = 56;
	objects = {

/* Begin PBXBuildFile section */
		6447F3C12AC2CC300040B3F7 /* MapboxMaps in Frameworks */ = {isa = PBXBuildFile; productRef = 6447F3C02AC2CC300040B3F7 /* MapboxMaps */; };
		6447F3C32AC2CC440040B3F7 /* CarRentalMapView.swift in Sources */ = {isa = PBXBuildFile; fileRef = 6447F3C22AC2CC440040B3F7 /* CarRentalMapView.swift */; };
		6447F3C52AC2D4BB0040B3F7 /* MapViewContainer.swift in Sources */ = {isa = PBXBuildFile; fileRef = 6447F3C42AC2D4BB0040B3F7 /* MapViewContainer.swift */; };
		6447F3CD2AC40F110040B3F7 /* LocationManager.swift in Sources */ = {isa = PBXBuildFile; fileRef = 6447F3CC2AC40F110040B3F7 /* LocationManager.swift */; };
		6487C1F72ABD982700DF8963 /* Car_Heart_It_iOSApp.swift in Sources */ = {isa = PBXBuildFile; fileRef = 6487C1F62ABD982700DF8963 /* Car_Heart_It_iOSApp.swift */; };
		6487C1F92ABD982700DF8963 /* ContentView.swift in Sources */ = {isa = PBXBuildFile; fileRef = 6487C1F82ABD982700DF8963 /* ContentView.swift */; };
		6487C1FB2ABD982B00DF8963 /* Assets.xcassets in Resources */ = {isa = PBXBuildFile; fileRef = 6487C1FA2ABD982B00DF8963 /* Assets.xcassets */; };
		6487C1FE2ABD982B00DF8963 /* Preview Assets.xcassets in Resources */ = {isa = PBXBuildFile; fileRef = 6487C1FD2ABD982B00DF8963 /* Preview Assets.xcassets */; };
		6487C2002ABD982B00DF8963 /* Persistence.swift in Sources */ = {isa = PBXBuildFile; fileRef = 6487C1FF2ABD982B00DF8963 /* Persistence.swift */; };
		6487C20E2ABEA7CA00DF8963 /* User.swift in Sources */ = {isa = PBXBuildFile; fileRef = 6487C20D2ABEA7CA00DF8963 /* User.swift */; };
		6487C2102ABEA84C00DF8963 /* LoginViewModel.swift in Sources */ = {isa = PBXBuildFile; fileRef = 6487C20F2ABEA84C00DF8963 /* LoginViewModel.swift */; };
		6487C2122ABEA86000DF8963 /* SignupViewModel.swift in Sources */ = {isa = PBXBuildFile; fileRef = 6487C2112ABEA86000DF8963 /* SignupViewModel.swift */; };
		6487C2142ABEA87100DF8963 /* CoreDataManager.swift in Sources */ = {isa = PBXBuildFile; fileRef = 6487C2132ABEA87100DF8963 /* CoreDataManager.swift */; };
		6487C2182ABEB39B00DF8963 /* LoginView.swift in Sources */ = {isa = PBXBuildFile; fileRef = 6487C2172ABEB39B00DF8963 /* LoginView.swift */; };
		6487C21A2ABEB3AA00DF8963 /* SignupView.swift in Sources */ = {isa = PBXBuildFile; fileRef = 6487C2192ABEB3AA00DF8963 /* SignupView.swift */; };
		6487C2262AC0C2F700DF8963 /* CoreDataUser.xcdatamodeld in Sources */ = {isa = PBXBuildFile; fileRef = 6487C2242AC0C2F700DF8963 /* CoreDataUser.xcdatamodeld */; };
/* End PBXBuildFile section */

/* Begin PBXFileReference section */
		6447F3C22AC2CC440040B3F7 /* CarRentalMapView.swift */ = {isa = PBXFileReference; lastKnownFileType = sourcecode.swift; path = CarRentalMapView.swift; sourceTree = "<group>"; };
		6447F3C42AC2D4BB0040B3F7 /* MapViewContainer.swift */ = {isa = PBXFileReference; lastKnownFileType = sourcecode.swift; path = MapViewContainer.swift; sourceTree = "<group>"; };
		6447F3CC2AC40F110040B3F7 /* LocationManager.swift */ = {isa = PBXFileReference; lastKnownFileType = sourcecode.swift; path = LocationManager.swift; sourceTree = "<group>"; };
		6447F3CE2AC41EA10040B3F7 /* Car-Heart-It-iOS-Info.plist */ = {isa = PBXFileReference; lastKnownFileType = text.plist; path = "Car-Heart-It-iOS-Info.plist"; sourceTree = SOURCE_ROOT; };
		6487C1F32ABD982700DF8963 /* Car_Heart_It_iOS.app */ = {isa = PBXFileReference; explicitFileType = wrapper.application; includeInIndex = 0; path = Car_Heart_It_iOS.app; sourceTree = BUILT_PRODUCTS_DIR; };
		6487C1F62ABD982700DF8963 /* Car_Heart_It_iOSApp.swift */ = {isa = PBXFileReference; lastKnownFileType = sourcecode.swift; path = Car_Heart_It_iOSApp.swift; sourceTree = "<group>"; };
		6487C1F82ABD982700DF8963 /* ContentView.swift */ = {isa = PBXFileReference; lastKnownFileType = sourcecode.swift; path = ContentView.swift; sourceTree = "<group>"; };
		6487C1FA2ABD982B00DF8963 /* Assets.xcassets */ = {isa = PBXFileReference; lastKnownFileType = folder.assetcatalog; path = Assets.xcassets; sourceTree = "<group>"; };
		6487C1FD2ABD982B00DF8963 /* Preview Assets.xcassets */ = {isa = PBXFileReference; lastKnownFileType = folder.assetcatalog; path = "Preview Assets.xcassets"; sourceTree = "<group>"; };
		6487C1FF2ABD982B00DF8963 /* Persistence.swift */ = {isa = PBXFileReference; lastKnownFileType = sourcecode.swift; path = Persistence.swift; sourceTree = "<group>"; };
		6487C20D2ABEA7CA00DF8963 /* User.swift */ = {isa = PBXFileReference; lastKnownFileType = sourcecode.swift; path = User.swift; sourceTree = "<group>"; };
		6487C20F2ABEA84C00DF8963 /* LoginViewModel.swift */ = {isa = PBXFileReference; lastKnownFileType = sourcecode.swift; path = LoginViewModel.swift; sourceTree = "<group>"; };
		6487C2112ABEA86000DF8963 /* SignupViewModel.swift */ = {isa = PBXFileReference; lastKnownFileType = sourcecode.swift; path = SignupViewModel.swift; sourceTree = "<group>"; };
		6487C2132ABEA87100DF8963 /* CoreDataManager.swift */ = {isa = PBXFileReference; lastKnownFileType = sourcecode.swift; path = CoreDataManager.swift; sourceTree = "<group>"; };
		6487C2172ABEB39B00DF8963 /* LoginView.swift */ = {isa = PBXFileReference; lastKnownFileType = sourcecode.swift; path = LoginView.swift; sourceTree = "<group>"; };
		6487C2192ABEB3AA00DF8963 /* SignupView.swift */ = {isa = PBXFileReference; lastKnownFileType = sourcecode.swift; path = SignupView.swift; sourceTree = "<group>"; };
		6487C2252AC0C2F700DF8963 /* CoreDataUser.xcdatamodel */ = {isa = PBXFileReference; lastKnownFileType = wrapper.xcdatamodel; path = CoreDataUser.xcdatamodel; sourceTree = "<group>"; };
/* End PBXFileReference section */

/* Begin PBXFrameworksBuildPhase section */
		6487C1F02ABD982700DF8963 /* Frameworks */ = {
			isa = PBXFrameworksBuildPhase;
			buildActionMask = 2147483647;
			files = (
				6447F3C12AC2CC300040B3F7 /* MapboxMaps in Frameworks */,
			);
			runOnlyForDeploymentPostprocessing = 0;
		};
/* End PBXFrameworksBuildPhase section */

/* Begin PBXGroup section */
		6487C1EA2ABD982700DF8963 = {
			isa = PBXGroup;
			children = (
				6487C1F52ABD982700DF8963 /* Car_Heart_It_iOS */,
				6487C1F42ABD982700DF8963 /* Products */,
			);
			sourceTree = "<group>";
		};
		6487C1F42ABD982700DF8963 /* Products */ = {
			isa = PBXGroup;
			children = (
				6487C1F32ABD982700DF8963 /* Car_Heart_It_iOS.app */,
			);
			name = Products;
			sourceTree = "<group>";
		};
		6487C1F52ABD982700DF8963 /* Car_Heart_It_iOS */ = {
			isa = PBXGroup;
			children = (
				6447F3CE2AC41EA10040B3F7 /* Car-Heart-It-iOS-Info.plist */,
				6487C1F62ABD982700DF8963 /* Car_Heart_It_iOSApp.swift */,
				6487C1F82ABD982700DF8963 /* ContentView.swift */,
				6487C2092ABD9E3300DF8963 /* Model */,
				6487C20A2ABD9E3A00DF8963 /* ViewModel */,
				6487C20B2ABD9E4600DF8963 /* View */,
				6487C20C2ABEA77100DF8963 /* Data */,
				6487C1FA2ABD982B00DF8963 /* Assets.xcassets */,
				6487C1FF2ABD982B00DF8963 /* Persistence.swift */,
				6487C2242AC0C2F700DF8963 /* CoreDataUser.xcdatamodeld */,
				6487C1FC2ABD982B00DF8963 /* Preview Content */,
			);
			path = Car_Heart_It_iOS;
			sourceTree = "<group>";
		};
		6487C1FC2ABD982B00DF8963 /* Preview Content */ = {
			isa = PBXGroup;
			children = (
				6487C1FD2ABD982B00DF8963 /* Preview Assets.xcassets */,
			);
			path = "Preview Content";
			sourceTree = "<group>";
		};
		6487C2092ABD9E3300DF8963 /* Model */ = {
			isa = PBXGroup;
			children = (
				6487C20D2ABEA7CA00DF8963 /* User.swift */,
			);
			path = Model;
			sourceTree = "<group>";
		};
		6487C20A2ABD9E3A00DF8963 /* ViewModel */ = {
			isa = PBXGroup;
			children = (
				6487C20F2ABEA84C00DF8963 /* LoginViewModel.swift */,
				6487C2112ABEA86000DF8963 /* SignupViewModel.swift */,
			);
			path = ViewModel;
			sourceTree = "<group>";
		};
		6487C20B2ABD9E4600DF8963 /* View */ = {
			isa = PBXGroup;
			children = (
				6487C2172ABEB39B00DF8963 /* LoginView.swift */,
				6487C2192ABEB3AA00DF8963 /* SignupView.swift */,
				6447F3C22AC2CC440040B3F7 /* CarRentalMapView.swift */,
				6447F3C42AC2D4BB0040B3F7 /* MapViewContainer.swift */,
				6447F3CC2AC40F110040B3F7 /* LocationManager.swift */,
			);
			path = View;
			sourceTree = "<group>";
		};
		6487C20C2ABEA77100DF8963 /* Data */ = {
			isa = PBXGroup;
			children = (
				6487C2132ABEA87100DF8963 /* CoreDataManager.swift */,
			);
			path = Data;
			sourceTree = "<group>";
		};
/* End PBXGroup section */

/* Begin PBXNativeTarget section */
		6487C1F22ABD982700DF8963 /* Car_Heart_It_iOS */ = {
			isa = PBXNativeTarget;
			buildConfigurationList = 6487C2062ABD982B00DF8963 /* Build configuration list for PBXNativeTarget "Car_Heart_It_iOS" */;
			buildPhases = (
				6487C1EF2ABD982700DF8963 /* Sources */,
				6487C1F02ABD982700DF8963 /* Frameworks */,
				6487C1F12ABD982700DF8963 /* Resources */,
			);
			buildRules = (
			);
			dependencies = (
			);
			name = Car_Heart_It_iOS;
			packageProductDependencies = (
				6447F3C02AC2CC300040B3F7 /* MapboxMaps */,
			);
			productName = Car_Heart_It_iOS;
			productReference = 6487C1F32ABD982700DF8963 /* Car_Heart_It_iOS.app */;
			productType = "com.apple.product-type.application";
		};
/* End PBXNativeTarget section */

/* Begin PBXProject section */
		6487C1EB2ABD982700DF8963 /* Project object */ = {
			isa = PBXProject;
			attributes = {
				BuildIndependentTargetsInParallel = 1;
				LastSwiftUpdateCheck = 1430;
				LastUpgradeCheck = 1430;
				TargetAttributes = {
					6487C1F22ABD982700DF8963 = {
						CreatedOnToolsVersion = 14.3.1;
					};
				};
			};
			buildConfigurationList = 6487C1EE2ABD982700DF8963 /* Build configuration list for PBXProject "Car_Heart_It_iOS" */;
			compatibilityVersion = "Xcode 14.0";
			developmentRegion = en;
			hasScannedForEncodings = 0;
			knownRegions = (
				en,
				Base,
			);
			mainGroup = 6487C1EA2ABD982700DF8963;
			packageReferences = (
				6447F3BF2AC2CC300040B3F7 /* XCRemoteSwiftPackageReference "mapbox-maps-ios" */,
			);
			productRefGroup = 6487C1F42ABD982700DF8963 /* Products */;
			projectDirPath = "";
			projectRoot = "";
			targets = (
				6487C1F22ABD982700DF8963 /* Car_Heart_It_iOS */,
			);
		};
/* End PBXProject section */

/* Begin PBXResourcesBuildPhase section */
		6487C1F12ABD982700DF8963 /* Resources */ = {
			isa = PBXResourcesBuildPhase;
			buildActionMask = 2147483647;
			files = (
				6487C1FE2ABD982B00DF8963 /* Preview Assets.xcassets in Resources */,
				6487C1FB2ABD982B00DF8963 /* Assets.xcassets in Resources */,
			);
			runOnlyForDeploymentPostprocessing = 0;
		};
/* End PBXResourcesBuildPhase section */

/* Begin PBXSourcesBuildPhase section */
		6487C1EF2ABD982700DF8963 /* Sources */ = {
			isa = PBXSourcesBuildPhase;
			buildActionMask = 2147483647;
			files = (
				6487C2002ABD982B00DF8963 /* Persistence.swift in Sources */,
				6487C2102ABEA84C00DF8963 /* LoginViewModel.swift in Sources */,
				6487C2122ABEA86000DF8963 /* SignupViewModel.swift in Sources */,
				6487C1F92ABD982700DF8963 /* ContentView.swift in Sources */,
				6487C20E2ABEA7CA00DF8963 /* User.swift in Sources */,
				6447F3C52AC2D4BB0040B3F7 /* MapViewContainer.swift in Sources */,
				6487C2262AC0C2F700DF8963 /* CoreDataUser.xcdatamodeld in Sources */,
				6487C2142ABEA87100DF8963 /* CoreDataManager.swift in Sources */,
				6447F3C32AC2CC440040B3F7 /* CarRentalMapView.swift in Sources */,
				6487C1F72ABD982700DF8963 /* Car_Heart_It_iOSApp.swift in Sources */,
				6487C2182ABEB39B00DF8963 /* LoginView.swift in Sources */,
				6487C21A2ABEB3AA00DF8963 /* SignupView.swift in Sources */,
				6447F3CD2AC40F110040B3F7 /* LocationManager.swift in Sources */,
			);
			runOnlyForDeploymentPostprocessing = 0;
		};
/* End PBXSourcesBuildPhase section */

/* Begin XCBuildConfiguration section */
		6487C2042ABD982B00DF8963 /* Debug */ = {
			isa = XCBuildConfiguration;
			buildSettings = {
				ALWAYS_SEARCH_USER_PATHS = NO;
				CLANG_ANALYZER_NONNULL = YES;
				CLANG_ANALYZER_NUMBER_OBJECT_CONVERSION = YES_AGGRESSIVE;
				CLANG_CXX_LANGUAGE_STANDARD = "gnu++20";
				CLANG_ENABLE_MODULES = YES;
				CLANG_ENABLE_OBJC_ARC = YES;
				CLANG_ENABLE_OBJC_WEAK = YES;
				CLANG_WARN_BLOCK_CAPTURE_AUTORELEASING = YES;
				CLANG_WARN_BOOL_CONVERSION = YES;
				CLANG_WARN_COMMA = YES;
				CLANG_WARN_CONSTANT_CONVERSION = YES;
				CLANG_WARN_DEPRECATED_OBJC_IMPLEMENTATIONS = YES;
				CLANG_WARN_DIRECT_OBJC_ISA_USAGE = YES_ERROR;
				CLANG_WARN_DOCUMENTATION_COMMENTS = YES;
				CLANG_WARN_EMPTY_BODY = YES;
				CLANG_WARN_ENUM_CONVERSION = YES;
				CLANG_WARN_INFINITE_RECURSION = YES;
				CLANG_WARN_INT_CONVERSION = YES;
				CLANG_WARN_NON_LITERAL_NULL_CONVERSION = YES;
				CLANG_WARN_OBJC_IMPLICIT_RETAIN_SELF = YES;
				CLANG_WARN_OBJC_LITERAL_CONVERSION = YES;
				CLANG_WARN_OBJC_ROOT_CLASS = YES_ERROR;
				CLANG_WARN_QUOTED_INCLUDE_IN_FRAMEWORK_HEADER = YES;
				CLANG_WARN_RANGE_LOOP_ANALYSIS = YES;
				CLANG_WARN_STRICT_PROTOTYPES = YES;
				CLANG_WARN_SUSPICIOUS_MOVE = YES;
				CLANG_WARN_UNGUARDED_AVAILABILITY = YES_AGGRESSIVE;
				CLANG_WARN_UNREACHABLE_CODE = YES;
				CLANG_WARN__DUPLICATE_METHOD_MATCH = YES;
				COPY_PHASE_STRIP = NO;
				DEBUG_INFORMATION_FORMAT = dwarf;
				ENABLE_STRICT_OBJC_MSGSEND = YES;
				ENABLE_TESTABILITY = YES;
				GCC_C_LANGUAGE_STANDARD = gnu11;
				GCC_DYNAMIC_NO_PIC = NO;
				GCC_NO_COMMON_BLOCKS = YES;
				GCC_OPTIMIZATION_LEVEL = 0;
				GCC_PREPROCESSOR_DEFINITIONS = (
					"DEBUG=1",
					"$(inherited)",
				);
				GCC_WARN_64_TO_32_BIT_CONVERSION = YES;
				GCC_WARN_ABOUT_RETURN_TYPE = YES_ERROR;
				GCC_WARN_UNDECLARED_SELECTOR = YES;
				GCC_WARN_UNINITIALIZED_AUTOS = YES_AGGRESSIVE;
				GCC_WARN_UNUSED_FUNCTION = YES;
				GCC_WARN_UNUSED_VARIABLE = YES;
				IPHONEOS_DEPLOYMENT_TARGET = 16.4;
				MTL_ENABLE_DEBUG_INFO = INCLUDE_SOURCE;
				MTL_FAST_MATH = YES;
				ONLY_ACTIVE_ARCH = YES;
				SDKROOT = iphoneos;
				SWIFT_ACTIVE_COMPILATION_CONDITIONS = DEBUG;
				SWIFT_OPTIMIZATION_LEVEL = "-Onone";
			};
			name = Debug;
		};
		6487C2052ABD982B00DF8963 /* Release */ = {
			isa = XCBuildConfiguration;
			buildSettings = {
				ALWAYS_SEARCH_USER_PATHS = NO;
				CLANG_ANALYZER_NONNULL = YES;
				CLANG_ANALYZER_NUMBER_OBJECT_CONVERSION = YES_AGGRESSIVE;
				CLANG_CXX_LANGUAGE_STANDARD = "gnu++20";
				CLANG_ENABLE_MODULES = YES;
				CLANG_ENABLE_OBJC_ARC = YES;
				CLANG_ENABLE_OBJC_WEAK = YES;
				CLANG_WARN_BLOCK_CAPTURE_AUTORELEASING = YES;
				CLANG_WARN_BOOL_CONVERSION = YES;
				CLANG_WARN_COMMA = YES;
				CLANG_WARN_CONSTANT_CONVERSION = YES;
				CLANG_WARN_DEPRECATED_OBJC_IMPLEMENTATIONS = YES;
				CLANG_WARN_DIRECT_OBJC_ISA_USAGE = YES_ERROR;
				CLANG_WARN_DOCUMENTATION_COMMENTS = YES;
				CLANG_WARN_EMPTY_BODY = YES;
				CLANG_WARN_ENUM_CONVERSION = YES;
				CLANG_WARN_INFINITE_RECURSION = YES;
				CLANG_WARN_INT_CONVERSION = YES;
				CLANG_WARN_NON_LITERAL_NULL_CONVERSION = YES;
				CLANG_WARN_OBJC_IMPLICIT_RETAIN_SELF = YES;
				CLANG_WARN_OBJC_LITERAL_CONVERSION = YES;
				CLANG_WARN_OBJC_ROOT_CLASS = YES_ERROR;
				CLANG_WARN_QUOTED_INCLUDE_IN_FRAMEWORK_HEADER = YES;
				CLANG_WARN_RANGE_LOOP_ANALYSIS = YES;
				CLANG_WARN_STRICT_PROTOTYPES = YES;
				CLANG_WARN_SUSPICIOUS_MOVE = YES;
				CLANG_WARN_UNGUARDED_AVAILABILITY = YES_AGGRESSIVE;
				CLANG_WARN_UNREACHABLE_CODE = YES;
				CLANG_WARN__DUPLICATE_METHOD_MATCH = YES;
				COPY_PHASE_STRIP = NO;
				DEBUG_INFORMATION_FORMAT = "dwarf-with-dsym";
				ENABLE_NS_ASSERTIONS = NO;
				ENABLE_STRICT_OBJC_MSGSEND = YES;
				GCC_C_LANGUAGE_STANDARD = gnu11;
				GCC_NO_COMMON_BLOCKS = YES;
				GCC_WARN_64_TO_32_BIT_CONVERSION = YES;
				GCC_WARN_ABOUT_RETURN_TYPE = YES_ERROR;
				GCC_WARN_UNDECLARED_SELECTOR = YES;
				GCC_WARN_UNINITIALIZED_AUTOS = YES_AGGRESSIVE;
				GCC_WARN_UNUSED_FUNCTION = YES;
				GCC_WARN_UNUSED_VARIABLE = YES;
				IPHONEOS_DEPLOYMENT_TARGET = 16.4;
				MTL_ENABLE_DEBUG_INFO = NO;
				MTL_FAST_MATH = YES;
				SDKROOT = iphoneos;
				SWIFT_COMPILATION_MODE = wholemodule;
				SWIFT_OPTIMIZATION_LEVEL = "-O";
				VALIDATE_PRODUCT = YES;
			};
			name = Release;
		};
		6487C2072ABD982B00DF8963 /* Debug */ = {
			isa = XCBuildConfiguration;
			buildSettings = {
				ASSETCATALOG_COMPILER_APPICON_NAME = AppIcon;
				ASSETCATALOG_COMPILER_GLOBAL_ACCENT_COLOR_NAME = AccentColor;
				CODE_SIGN_STYLE = Automatic;
				CURRENT_PROJECT_VERSION = 1;
				DEVELOPMENT_ASSET_PATHS = "\"Car_Heart_It_iOS/Preview Content\"";
				DEVELOPMENT_TEAM = 8CXPW395VQ;
				ENABLE_PREVIEWS = YES;
				GENERATE_INFOPLIST_FILE = YES;
				INFOPLIST_FILE = "Car-Heart-It-iOS-Info.plist";
				INFOPLIST_KEY_NSLocationAlwaysUsageDescription = "We need your location to provide the latest events near you";
				INFOPLIST_KEY_NSLocationWhenInUseUsageDescription = "We need your location to provide the latest events near you";
				INFOPLIST_KEY_UIApplicationSceneManifest_Generation = YES;
				INFOPLIST_KEY_UIApplicationSupportsIndirectInputEvents = YES;
				INFOPLIST_KEY_UILaunchScreen_Generation = YES;
				INFOPLIST_KEY_UISupportedInterfaceOrientations_iPad = "UIInterfaceOrientationPortrait UIInterfaceOrientationPortraitUpsideDown UIInterfaceOrientationLandscapeLeft UIInterfaceOrientationLandscapeRight";
				INFOPLIST_KEY_UISupportedInterfaceOrientations_iPhone = "UIInterfaceOrientationPortrait UIInterfaceOrientationLandscapeLeft UIInterfaceOrientationLandscapeRight";
				LD_RUNPATH_SEARCH_PATHS = (
					"$(inherited)",
					"@executable_path/Frameworks",
				);
				MARKETING_VERSION = 1.0;
				PRODUCT_BUNDLE_IDENTIFIER = "organization.Car-Heart-It-iOS";
				PRODUCT_NAME = "$(TARGET_NAME)";
				SWIFT_EMIT_LOC_STRINGS = YES;
				SWIFT_VERSION = 5.0;
				TARGETED_DEVICE_FAMILY = "1,2";
			};
			name = Debug;
		};
		6487C2082ABD982B00DF8963 /* Release */ = {
			isa = XCBuildConfiguration;
			buildSettings = {
				ASSETCATALOG_COMPILER_APPICON_NAME = AppIcon;
				ASSETCATALOG_COMPILER_GLOBAL_ACCENT_COLOR_NAME = AccentColor;
				CODE_SIGN_STYLE = Automatic;
				CURRENT_PROJECT_VERSION = 1;
				DEVELOPMENT_ASSET_PATHS = "\"Car_Heart_It_iOS/Preview Content\"";
				DEVELOPMENT_TEAM = 8CXPW395VQ;
				ENABLE_PREVIEWS = YES;
				GENERATE_INFOPLIST_FILE = YES;
				INFOPLIST_FILE = "Car-Heart-It-iOS-Info.plist";
				INFOPLIST_KEY_NSLocationAlwaysUsageDescription = "We need your location to provide the latest events near you";
				INFOPLIST_KEY_NSLocationWhenInUseUsageDescription = "We need your location to provide the latest events near you";
				INFOPLIST_KEY_UIApplicationSceneManifest_Generation = YES;
				INFOPLIST_KEY_UIApplicationSupportsIndirectInputEvents = YES;
				INFOPLIST_KEY_UILaunchScreen_Generation = YES;
				INFOPLIST_KEY_UISupportedInterfaceOrientations_iPad = "UIInterfaceOrientationPortrait UIInterfaceOrientationPortraitUpsideDown UIInterfaceOrientationLandscapeLeft UIInterfaceOrientationLandscapeRight";
				INFOPLIST_KEY_UISupportedInterfaceOrientations_iPhone = "UIInterfaceOrientationPortrait UIInterfaceOrientationLandscapeLeft UIInterfaceOrientationLandscapeRight";
				LD_RUNPATH_SEARCH_PATHS = (
					"$(inherited)",
					"@executable_path/Frameworks",
				);
				MARKETING_VERSION = 1.0;
				PRODUCT_BUNDLE_IDENTIFIER = "organization.Car-Heart-It-iOS";
				PRODUCT_NAME = "$(TARGET_NAME)";
				SWIFT_EMIT_LOC_STRINGS = YES;
				SWIFT_VERSION = 5.0;
				TARGETED_DEVICE_FAMILY = "1,2";
			};
			name = Release;
		};
/* End XCBuildConfiguration section */

/* Begin XCConfigurationList section */
		6487C1EE2ABD982700DF8963 /* Build configuration list for PBXProject "Car_Heart_It_iOS" */ = {
			isa = XCConfigurationList;
			buildConfigurations = (
				6487C2042ABD982B00DF8963 /* Debug */,
				6487C2052ABD982B00DF8963 /* Release */,
			);
			defaultConfigurationIsVisible = 0;
			defaultConfigurationName = Release;
		};
		6487C2062ABD982B00DF8963 /* Build configuration list for PBXNativeTarget "Car_Heart_It_iOS" */ = {
			isa = XCConfigurationList;
			buildConfigurations = (
				6487C2072ABD982B00DF8963 /* Debug */,
				6487C2082ABD982B00DF8963 /* Release */,
			);
			defaultConfigurationIsVisible = 0;
			defaultConfigurationName = Release;
		};
/* End XCConfigurationList section */

/* Begin XCRemoteSwiftPackageReference section */
		6447F3BF2AC2CC300040B3F7 /* XCRemoteSwiftPackageReference "mapbox-maps-ios" */ = {
			isa = XCRemoteSwiftPackageReference;
			repositoryURL = "https://github.com/mapbox/mapbox-maps-ios.git";
			requirement = {
				kind = exactVersion;
				version = 10.16.0;
			};
		};
/* End XCRemoteSwiftPackageReference section */

/* Begin XCSwiftPackageProductDependency section */
		6447F3C02AC2CC300040B3F7 /* MapboxMaps */ = {
			isa = XCSwiftPackageProductDependency;
			package = 6447F3BF2AC2CC300040B3F7 /* XCRemoteSwiftPackageReference "mapbox-maps-ios" */;
			productName = MapboxMaps;
		};
/* End XCSwiftPackageProductDependency section */

/* Begin XCVersionGroup section */
		6487C2242AC0C2F700DF8963 /* CoreDataUser.xcdatamodeld */ = {
			isa = XCVersionGroup;
			children = (
				6487C2252AC0C2F700DF8963 /* CoreDataUser.xcdatamodel */,
			);
			currentVersion = 6487C2252AC0C2F700DF8963 /* CoreDataUser.xcdatamodel */;
			path = CoreDataUser.xcdatamodeld;
			sourceTree = "<group>";
			versionGroupType = wrapper.xcdatamodel;
		};
/* End XCVersionGroup section */
	};
	rootObject = 6487C1EB2ABD982700DF8963 /* Project object */;
}
